
Microsoft Visual Studio Solution File, Format Version 12.00
Project("{FAE04EC0-301F-11D3-BF4B-00C04F79EFBC}") = "ProgrammingEngi", "ProgrammingEngi\ProgrammingEngi.csproj", "{9E36A9F4-FA0F-4176-B753-4200D5B480AB}"
EndProject
Global
	GlobalSection(SolutionConfigurationPlatforms) = preSolution
		Debug|Any CPU = Debug|Any CPU
		Release|Any CPU = Release|Any CPU
	EndGlobalSection
	GlobalSection(ProjectConfigurationPlatforms) = postSolution
		{9E36A9F4-FA0F-4176-B753-4200D5B480AB}.Debug|Any CPU.ActiveCfg = Debug|Any CPU
		{9E36A9F4-FA0F-4176-B753-4200D5B480AB}.Debug|Any CPU.Build.0 = Debug|Any CPU
		{9E36A9F4-FA0F-4176-B753-4200D5B480AB}.Release|Any CPU.ActiveCfg = Release|Any CPU
		{9E36A9F4-FA0F-4176-B753-4200D5B480AB}.Release|Any CPU.Build.0 = Release|Any CPU
	EndGlobalSection
EndGlobal
